
Microsoft Visual Studio Solution File, Format Version 12.00
# Visual Studio 15
VisualStudioVersion = 15.0.26730.12
MinimumVisualStudioVersion = 10.0.40219.1
Project("{9A19103F-16F7-4668-BE54-9A1E7A4F7556}") = "Order.Service", "Order.Service\Order.Service.csproj", "{5B12B336-986F-4940-83BC-014188BF5DCE}"
EndProject
Project("{9A19103F-16F7-4668-BE54-9A1E7A4F7556}") = "Order.Saga", "Order.Saga\Order.Saga.csproj", "{30843924-DAD4-467E-9161-214A8E3BB883}"
EndProject
Project("{9A19103F-16F7-4668-BE54-9A1E7A4F7556}") = "Shared.Order.Contracts", "Order.Contracts\Shared.Order.Contracts.csproj", "{DFECAD68-AFD6-47CB-B553-A2DC4FF42406}"
EndProject
Project("{9A19103F-16F7-4668-BE54-9A1E7A4F7556}") = "Shared.Payment.Contracts", "Shared.Payment.Contracts\Shared.Payment.Contracts.csproj", "{B888049D-0929-41D1-9121-9151E38103F6}"
EndProject
Project("{2150E333-8FDC-42A3-9474-1A3956D46DE8}") = "tests", "tests", "{FE174440-CD55-4B80-A2E4-279B18389130}"
EndProject
Project("{FAE04EC0-301F-11D3-BF4B-00C04F79EFBC}") = "Order.Service.Integration.Tests", "Order.Service.Integration.Tests\Order.Service.Integration.Tests.csproj", "{64EFD4C8-8084-435A-8BF8-2DBB18F73626}"
EndProject
Global
	GlobalSection(SolutionConfigurationPlatforms) = preSolution
		Debug|Any CPU = Debug|Any CPU
		Release|Any CPU = Release|Any CPU
	EndGlobalSection
	GlobalSection(ProjectConfigurationPlatforms) = postSolution
		{5B12B336-986F-4940-83BC-014188BF5DCE}.Debug|Any CPU.ActiveCfg = Debug|Any CPU
		{5B12B336-986F-4940-83BC-014188BF5DCE}.Debug|Any CPU.Build.0 = Debug|Any CPU
		{5B12B336-986F-4940-83BC-014188BF5DCE}.Release|Any CPU.ActiveCfg = Release|Any CPU
		{5B12B336-986F-4940-83BC-014188BF5DCE}.Release|Any CPU.Build.0 = Release|Any CPU
		{30843924-DAD4-467E-9161-214A8E3BB883}.Debug|Any CPU.ActiveCfg = Debug|Any CPU
		{30843924-DAD4-467E-9161-214A8E3BB883}.Debug|Any CPU.Build.0 = Debug|Any CPU
		{30843924-DAD4-467E-9161-214A8E3BB883}.Release|Any CPU.ActiveCfg = Release|Any CPU
		{30843924-DAD4-467E-9161-214A8E3BB883}.Release|Any CPU.Build.0 = Release|Any CPU
		{DFECAD68-AFD6-47CB-B553-A2DC4FF42406}.Debug|Any CPU.ActiveCfg = Debug|Any CPU
		{DFECAD68-AFD6-47CB-B553-A2DC4FF42406}.Debug|Any CPU.Build.0 = Debug|Any CPU
		{DFECAD68-AFD6-47CB-B553-A2DC4FF42406}.Release|Any CPU.ActiveCfg = Release|Any CPU
		{DFECAD68-AFD6-47CB-B553-A2DC4FF42406}.Release|Any CPU.Build.0 = Release|Any CPU
		{B888049D-0929-41D1-9121-9151E38103F6}.Debug|Any CPU.ActiveCfg = Debug|Any CPU
		{B888049D-0929-41D1-9121-9151E38103F6}.Debug|Any CPU.Build.0 = Debug|Any CPU
		{B888049D-0929-41D1-9121-9151E38103F6}.Release|Any CPU.ActiveCfg = Release|Any CPU
		{B888049D-0929-41D1-9121-9151E38103F6}.Release|Any CPU.Build.0 = Release|Any CPU
		{64EFD4C8-8084-435A-8BF8-2DBB18F73626}.Debug|Any CPU.ActiveCfg = Debug|Any CPU
		{64EFD4C8-8084-435A-8BF8-2DBB18F73626}.Debug|Any CPU.Build.0 = Debug|Any CPU
		{64EFD4C8-8084-435A-8BF8-2DBB18F73626}.Release|Any CPU.ActiveCfg = Release|Any CPU
		{64EFD4C8-8084-435A-8BF8-2DBB18F73626}.Release|Any CPU.Build.0 = Release|Any CPU
	EndGlobalSection
	GlobalSection(SolutionProperties) = preSolution
		HideSolutionNode = FALSE
	EndGlobalSection
	GlobalSection(NestedProjects) = preSolution
		{64EFD4C8-8084-435A-8BF8-2DBB18F73626} = {FE174440-CD55-4B80-A2E4-279B18389130}
	EndGlobalSection
	GlobalSection(ExtensibilityGlobals) = postSolution
		SolutionGuid = {EF421F41-2D0C-4E32-9374-A41F06DE339E}
	EndGlobalSection
EndGlobal
